speakeasyVersion: 1.658.2
sources:
    latest:
        sourceNamespace: latest
        sourceRevisionDigest: sha256:9a40f1f1aa65ac7ca871ee54e7f96ce1342d72348e0235bce2383401ba533044
        sourceBlobDigest: sha256:998f4b2263d04c59284b920d88bf8008c957a7d9dc66f1a61888ae0c12b81725
        tags:
            - latest
            - speakeasy-sdk-regen-1763511163
            - latest
targets:
    latest:
        source: latest
        sourceNamespace: latest
        sourceRevisionDigest: sha256:9a40f1f1aa65ac7ca871ee54e7f96ce1342d72348e0235bce2383401ba533044
        sourceBlobDigest: sha256:998f4b2263d04c59284b920d88bf8008c957a7d9dc66f1a61888ae0c12b81725
        codeSamplesNamespace: latest-python-code-samples
        codeSamplesRevisionDigest: sha256:23806c37153f347125e23059e58e929c719baa793c7cd23e95c952118cde5db0
workflow:
    workflowVersion: 1.0.0
    speakeasyVersion: latest
    sources:
        latest:
            inputs:
                - location: registry.speakeasyapi.dev/moov/moov/api-latest
            overlays:
                - location: .speakeasy/speakeasy-modifications-overlay.yaml
            registry:
                location: registry.speakeasyapi.dev/moov/moov/latest
    targets:
        latest:
            target: python
            source: latest
            publish:
                pypi:
                    token: $pypi_token
            codeSamples:
                registry:
                    location: registry.speakeasyapi.dev/moov/moov/latest-python-code-samples
                labelOverride:
                    fixedValue: Python (SDK)
                blocking: false
