speakeasyVersion: 1.683.0
sources:
    latest:
        sourceNamespace: latest
        sourceRevisionDigest: sha256:e7075c010f1ecc9cafa4a45f57cb621c7eac139f6e724f12a9229817c0ccdde1
        sourceBlobDigest: sha256:b72064e4998b697ac2f632ab00ef1a085f5233b19d5a64e5f2a16b22f12f1ffe
        tags:
            - latest
            - speakeasy-sdk-regen-1767917657
            - latest
targets:
    latest:
        source: latest
        sourceNamespace: latest
        sourceRevisionDigest: sha256:e7075c010f1ecc9cafa4a45f57cb621c7eac139f6e724f12a9229817c0ccdde1
        sourceBlobDigest: sha256:b72064e4998b697ac2f632ab00ef1a085f5233b19d5a64e5f2a16b22f12f1ffe
        codeSamplesNamespace: latest-python-code-samples
        codeSamplesRevisionDigest: sha256:807c7d47ef34898d80e7520918bc77dbeacc48bdf3e4c4d8a651ccc934125537
workflow:
    workflowVersion: 1.0.0
    speakeasyVersion: latest
    sources:
        latest:
            inputs:
                - location: registry.speakeasyapi.dev/moov/moov/api-latest
            overlays:
                - location: .speakeasy/speakeasy-modifications-overlay.yaml
            registry:
                location: registry.speakeasyapi.dev/moov/moov/latest
    targets:
        latest:
            target: python
            source: latest
            publish:
                pypi:
                    token: $pypi_token
            codeSamples:
                registry:
                    location: registry.speakeasyapi.dev/moov/moov/latest-python-code-samples
                labelOverride:
                    fixedValue: Python (SDK)
                blocking: false
