speakeasyVersion: 1.680.4
sources:
    latest:
        sourceNamespace: latest
        sourceRevisionDigest: sha256:eeaf25f2055637d805649564ff4823f16de86300bb1b7128d95158aaa53633b5
        sourceBlobDigest: sha256:da7238c706ddd9d39ae5ea987517f02d01597b8927bb0407baa84783ae19fd9b
        tags:
            - latest
            - speakeasy-sdk-regen-1766448843
            - latest
targets:
    latest:
        source: latest
        sourceNamespace: latest
        sourceRevisionDigest: sha256:eeaf25f2055637d805649564ff4823f16de86300bb1b7128d95158aaa53633b5
        sourceBlobDigest: sha256:da7238c706ddd9d39ae5ea987517f02d01597b8927bb0407baa84783ae19fd9b
        codeSamplesNamespace: latest-python-code-samples
        codeSamplesRevisionDigest: sha256:5fbd644ae62973d3bd8b52581216fad5662e4cdac5f79e8c767ab9e09fe086c9
workflow:
    workflowVersion: 1.0.0
    speakeasyVersion: latest
    sources:
        latest:
            inputs:
                - location: registry.speakeasyapi.dev/moov/moov/api-latest
            overlays:
                - location: .speakeasy/speakeasy-modifications-overlay.yaml
            registry:
                location: registry.speakeasyapi.dev/moov/moov/latest
    targets:
        latest:
            target: python
            source: latest
            publish:
                pypi:
                    token: $pypi_token
            codeSamples:
                registry:
                    location: registry.speakeasyapi.dev/moov/moov/latest-python-code-samples
                labelOverride:
                    fixedValue: Python (SDK)
                blocking: false
